// !$*UTF8*$!
{
	archiveVersion = 1;
	classes = {
	};
	objectVersion = 50;
	objects = {

/* Begin PBXBuildFile section */
		F577CA4F252297210053E81E /* HMWorkspace.m in Sources */ = {isa = PBXBuildFile; fileRef = F577CA4E252297210053E81E /* HMWorkspace.m */; };
		F577CA52252298080053E81E /* HMProfile.m in Sources */ = {isa = PBXBuildFile; fileRef = F577CA51252298080053E81E /* HMProfile.m */; };
		F577CA552522A1FB0053E81E /* HMCadProfile.m in Sources */ = {isa = PBXBuildFile; fileRef = F577CA542522A1FB0053E81E /* HMCadProfile.m */; };
		F5B126362512BE840021EB62 /* main.m in Sources */ = {isa = PBXBuildFile; fileRef = F5B126352512BE840021EB62 /* main.m */; };
		F5B1263E2512BEAD0021EB62 /* HMManager.m in Sources */ = {isa = PBXBuildFile; fileRef = F5B1263D2512BEAD0021EB62 /* HMManager.m */; };
		F5B126412512D6380021EB62 /* CoreFoundation.framework in Frameworks */ = {isa = PBXBuildFile; fileRef = F5B126402512D6380021EB62 /* CoreFoundation.framework */; };
		F5F84177251A8EA30094ECCE /* HMVirtualHID.mm in Sources */ = {isa = PBXBuildFile; fileRef = F5F84176251A8EA30094ECCE /* HMVirtualHID.mm */; };
/* End PBXBuildFile section */

/* Begin PBXCopyFilesBuildPhase section */
		F5B126302512BE840021EB62 /* CopyFiles */ = {
			isa = PBXCopyFilesBuildPhase;
			buildActionMask = 2147483647;
			dstPath = /usr/share/man/man1/;
			dstSubfolderSpec = 0;
			files = (
			);
			runOnlyForDeploymentPostprocessing = 1;
		};
/* End PBXCopyFilesBuildPhase section */

/* Begin PBXFileReference section */
		F577CA4D252297210053E81E /* HMWorkspace.h */ = {isa = PBXFileReference; lastKnownFileType = sourcecode.c.h; path = HMWorkspace.h; sourceTree = "<group>"; };
		F577CA4E252297210053E81E /* HMWorkspace.m */ = {isa = PBXFileReference; lastKnownFileType = sourcecode.c.objc; path = HMWorkspace.m; sourceTree = "<group>"; };
		F577CA50252298080053E81E /* HMProfile.h */ = {isa = PBXFileReference; lastKnownFileType = sourcecode.c.h; path = HMProfile.h; sourceTree = "<group>"; };
		F577CA51252298080053E81E /* HMProfile.m */ = {isa = PBXFileReference; lastKnownFileType = sourcecode.c.objc; path = HMProfile.m; sourceTree = "<group>"; };
		F577CA532522A1FB0053E81E /* HMCadProfile.h */ = {isa = PBXFileReference; lastKnownFileType = sourcecode.c.h; path = HMCadProfile.h; sourceTree = "<group>"; };
		F577CA542522A1FB0053E81E /* HMCadProfile.m */ = {isa = PBXFileReference; lastKnownFileType = sourcecode.c.objc; path = HMCadProfile.m; sourceTree = "<group>"; };
		F5B126322512BE840021EB62 /* HUGEModifier */ = {isa = PBXFileReference; explicitFileType = "compiled.mach-o.executable"; includeInIndex = 0; path = HUGEModifier; sourceTree = BUILT_PRODUCTS_DIR; };
		F5B126352512BE840021EB62 /* main.m */ = {isa = PBXFileReference; lastKnownFileType = sourcecode.c.objc; path = main.m; sourceTree = "<group>"; };
		F5B1263C2512BEAD0021EB62 /* HMManager.h */ = {isa = PBXFileReference; lastKnownFileType = sourcecode.c.h; path = HMManager.h; sourceTree = "<group>"; };
		F5B1263D2512BEAD0021EB62 /* HMManager.m */ = {isa = PBXFileReference; lastKnownFileType = sourcecode.c.objc; path = HMManager.m; sourceTree = "<group>"; };
		F5B126402512D6380021EB62 /* CoreFoundation.framework */ = {isa = PBXFileReference; lastKnownFileType = wrapper.framework; name = CoreFoundation.framework; path = System/Library/Frameworks/CoreFoundation.framework; sourceTree = SDKROOT; };
		F5F84175251A8EA30094ECCE /* HMVirtualHID.h */ = {isa = PBXFileReference; lastKnownFileType = sourcecode.c.h; path = HMVirtualHID.h; sourceTree = "<group>"; };
		F5F84176251A8EA30094ECCE /* HMVirtualHID.mm */ = {isa = PBXFileReference; lastKnownFileType = sourcecode.cpp.objcpp; path = HMVirtualHID.mm; sourceTree = "<group>"; };
		F5F84178251A95A40094ECCE /* karabiner_virtual_hid_device.hpp */ = {isa = PBXFileReference; lastKnownFileType = sourcecode.cpp.h; path = karabiner_virtual_hid_device.hpp; sourceTree = "<group>"; };
		F5F84179251A95A40094ECCE /* karabiner_virtual_hid_device_methods.hpp */ = {isa = PBXFileReference; lastKnownFileType = sourcecode.cpp.h; path = karabiner_virtual_hid_device_methods.hpp; sourceTree = "<group>"; };
/* End PBXFileReference section */

/* Begin PBXFrameworksBuildPhase section */
		F5B1262F2512BE840021EB62 /* Frameworks */ = {
			isa = PBXFrameworksBuildPhase;
			buildActionMask = 2147483647;
			files = (
				F5B126412512D6380021EB62 /* CoreFoundation.framework in Frameworks */,
			);
			runOnlyForDeploymentPostprocessing = 0;
		};
/* End PBXFrameworksBuildPhase section */

/* Begin PBXGroup section */
		F5B126292512BE840021EB62 = {
			isa = PBXGroup;
			children = (
				F5B126342512BE840021EB62 /* HUGEModifier */,
				F5B126332512BE840021EB62 /* Products */,
				F5B1263F2512D6380021EB62 /* Frameworks */,
			);
			sourceTree = "<group>";
		};
		F5B126332512BE840021EB62 /* Products */ = {
			isa = PBXGroup;
			children = (
				F5B126322512BE840021EB62 /* HUGEModifier */,
			);
			name = Products;
			sourceTree = "<group>";
		};
		F5B126342512BE840021EB62 /* HUGEModifier */ = {
			isa = PBXGroup;
			children = (
				F5B126352512BE840021EB62 /* main.m */,
				F5B1263C2512BEAD0021EB62 /* HMManager.h */,
				F5B1263D2512BEAD0021EB62 /* HMManager.m */,
				F5F84175251A8EA30094ECCE /* HMVirtualHID.h */,
				F5F84176251A8EA30094ECCE /* HMVirtualHID.mm */,
				F577CA4D252297210053E81E /* HMWorkspace.h */,
				F577CA4E252297210053E81E /* HMWorkspace.m */,
				F577CA50252298080053E81E /* HMProfile.h */,
				F577CA51252298080053E81E /* HMProfile.m */,
				F577CA532522A1FB0053E81E /* HMCadProfile.h */,
				F577CA542522A1FB0053E81E /* HMCadProfile.m */,
				F5F84179251A95A40094ECCE /* karabiner_virtual_hid_device_methods.hpp */,
				F5F84178251A95A40094ECCE /* karabiner_virtual_hid_device.hpp */,
			);
			path = HUGEModifier;
			sourceTree = "<group>";
		};
		F5B1263F2512D6380021EB62 /* Frameworks */ = {
			isa = PBXGroup;
			children = (
				F5B126402512D6380021EB62 /* CoreFoundation.framework */,
			);
			name = Frameworks;
			sourceTree = "<group>";
		};
/* End PBXGroup section */

/* Begin PBXNativeTarget section */
		F5B126312512BE840021EB62 /* HUGEModifier */ = {
			isa = PBXNativeTarget;
			buildConfigurationList = F5B126392512BE840021EB62 /* Build configuration list for PBXNativeTarget "HUGEModifier" */;
			buildPhases = (
				F5B1262E2512BE840021EB62 /* Sources */,
				F5B1262F2512BE840021EB62 /* Frameworks */,
				F5B126302512BE840021EB62 /* CopyFiles */,
			);
			buildRules = (
			);
			dependencies = (
			);
			name = HUGEModifier;
			productName = HUGEModifier;
			productReference = F5B126322512BE840021EB62 /* HUGEModifier */;
			productType = "com.apple.product-type.tool";
		};
/* End PBXNativeTarget section */

/* Begin PBXProject section */
		F5B1262A2512BE840021EB62 /* Project object */ = {
			isa = PBXProject;
			attributes = {
				LastUpgradeCheck = 1160;
				ORGANIZATIONNAME = hiroki;
				TargetAttributes = {
					F5B126312512BE840021EB62 = {
						CreatedOnToolsVersion = 11.6;
					};
				};
			};
			buildConfigurationList = F5B1262D2512BE840021EB62 /* Build configuration list for PBXProject "HUGEModifier" */;
			compatibilityVersion = "Xcode 9.3";
			developmentRegion = en;
			hasScannedForEncodings = 0;
			knownRegions = (
				en,
				Base,
			);
			mainGroup = F5B126292512BE840021EB62;
			productRefGroup = F5B126332512BE840021EB62 /* Products */;
			projectDirPath = "";
			projectRoot = "";
			targets = (
				F5B126312512BE840021EB62 /* HUGEModifier */,
			);
		};
/* End PBXProject section */

/* Begin PBXSourcesBuildPhase section */
		F5B1262E2512BE840021EB62 /* Sources */ = {
			isa = PBXSourcesBuildPhase;
			buildActionMask = 2147483647;
			files = (
				F577CA4F252297210053E81E /* HMWorkspace.m in Sources */,
				F5B1263E2512BEAD0021EB62 /* HMManager.m in Sources */,
				F5F84177251A8EA30094ECCE /* HMVirtualHID.mm in Sources */,
				F577CA52252298080053E81E /* HMProfile.m in Sources */,
				F5B126362512BE840021EB62 /* main.m in Sources */,
				F577CA552522A1FB0053E81E /* HMCadProfile.m in Sources */,
			);
			runOnlyForDeploymentPostprocessing = 0;
		};
/* End PBXSourcesBuildPhase section */

/* Begin XCBuildConfiguration section */
		F5B126372512BE840021EB62 /* Debug */ = {
			isa = XCBuildConfiguration;
			buildSettings = {
				ALWAYS_SEARCH_USER_PATHS = NO;
				CLANG_ANALYZER_NONNULL = YES;
				CLANG_ANALYZER_NUMBER_OBJECT_CONVERSION = YES_AGGRESSIVE;
				CLANG_CXX_LANGUAGE_STANDARD = "gnu++14";
				CLANG_CXX_LIBRARY = "libc++";
				CLANG_ENABLE_MODULES = YES;
				CLANG_ENABLE_OBJC_ARC = YES;
				CLANG_ENABLE_OBJC_WEAK = YES;
				CLANG_WARN_BLOCK_CAPTURE_AUTORELEASING = YES;
				CLANG_WARN_BOOL_CONVERSION = YES;
				CLANG_WARN_COMMA = YES;
				CLANG_WARN_CONSTANT_CONVERSION = YES;
				CLANG_WARN_DEPRECATED_OBJC_IMPLEMENTATIONS = YES;
				CLANG_WARN_DIRECT_OBJC_ISA_USAGE = YES_ERROR;
				CLANG_WARN_DOCUMENTATION_COMMENTS = YES;
				CLANG_WARN_EMPTY_BODY = YES;
				CLANG_WARN_ENUM_CONVERSION = YES;
				CLANG_WARN_INFINITE_RECURSION = YES;
				CLANG_WARN_INT_CONVERSION = YES;
				CLANG_WARN_NON_LITERAL_NULL_CONVERSION = YES;
				CLANG_WARN_OBJC_IMPLICIT_RETAIN_SELF = YES;
				CLANG_WARN_OBJC_LITERAL_CONVERSION = YES;
				CLANG_WARN_OBJC_ROOT_CLASS = YES_ERROR;
				CLANG_WARN_RANGE_LOOP_ANALYSIS = YES;
				CLANG_WARN_STRICT_PROTOTYPES = YES;
				CLANG_WARN_SUSPICIOUS_MOVE = YES;
				CLANG_WARN_UNGUARDED_AVAILABILITY = YES_AGGRESSIVE;
				CLANG_WARN_UNREACHABLE_CODE = YES;
				CLANG_WARN__DUPLICATE_METHOD_MATCH = YES;
				COPY_PHASE_STRIP = NO;
				DEBUG_INFORMATION_FORMAT = dwarf;
				ENABLE_STRICT_OBJC_MSGSEND = YES;
				ENABLE_TESTABILITY = YES;
				GCC_C_LANGUAGE_STANDARD = gnu11;
				GCC_DYNAMIC_NO_PIC = NO;
				GCC_NO_COMMON_BLOCKS = YES;
				GCC_OPTIMIZATION_LEVEL = 0;
				GCC_PREPROCESSOR_DEFINITIONS = (
					"DEBUG=1",
					"$(inherited)",
				);
				GCC_WARN_64_TO_32_BIT_CONVERSION = YES;
				GCC_WARN_ABOUT_RETURN_TYPE = YES_ERROR;
				GCC_WARN_UNDECLARED_SELECTOR = YES;
				GCC_WARN_UNINITIALIZED_AUTOS = YES_AGGRESSIVE;
				GCC_WARN_UNUSED_FUNCTION = YES;
				GCC_WARN_UNUSED_VARIABLE = YES;
				MACOSX_DEPLOYMENT_TARGET = 10.15;
				MTL_ENABLE_DEBUG_INFO = INCLUDE_SOURCE;
				MTL_FAST_MATH = YES;
				ONLY_ACTIVE_ARCH = YES;
				SDKROOT = macosx;
			};
			name = Debug;
		};
		F5B126382512BE840021EB62 /* Release */ = {
			isa = XCBuildConfiguration;
			buildSettings = {
				ALWAYS_SEARCH_USER_PATHS = NO;
				CLANG_ANALYZER_NONNULL = YES;
				CLANG_ANALYZER_NUMBER_OBJECT_CONVERSION = YES_AGGRESSIVE;
				CLANG_CXX_LANGUAGE_STANDARD = "gnu++14";
				CLANG_CXX_LIBRARY = "libc++";
				CLANG_ENABLE_MODULES = YES;
				CLANG_ENABLE_OBJC_ARC = YES;
				CLANG_ENABLE_OBJC_WEAK = YES;
				CLANG_WARN_BLOCK_CAPTURE_AUTORELEASING = YES;
				CLANG_WARN_BOOL_CONVERSION = YES;
				CLANG_WARN_COMMA = YES;
				CLANG_WARN_CONSTANT_CONVERSION = YES;
				CLANG_WARN_DEPRECATED_OBJC_IMPLEMENTATIONS = YES;
				CLANG_WARN_DIRECT_OBJC_ISA_USAGE = YES_ERROR;
				CLANG_WARN_DOCUMENTATION_COMMENTS = YES;
				CLANG_WARN_EMPTY_BODY = YES;
				CLANG_WARN_ENUM_CONVERSION = YES;
				CLANG_WARN_INFINITE_RECURSION = YES;
				CLANG_WARN_INT_CONVERSION = YES;
				CLANG_WARN_NON_LITERAL_NULL_CONVERSION = YES;
				CLANG_WARN_OBJC_IMPLICIT_RETAIN_SELF = YES;
				CLANG_WARN_OBJC_LITERAL_CONVERSION = YES;
				CLANG_WARN_OBJC_ROOT_CLASS = YES_ERROR;
				CLANG_WARN_RANGE_LOOP_ANALYSIS = YES;
				CLANG_WARN_STRICT_PROTOTYPES = YES;
				CLANG_WARN_SUSPICIOUS_MOVE = YES;
				CLANG_WARN_UNGUARDED_AVAILABILITY = YES_AGGRESSIVE;
				CLANG_WARN_UNREACHABLE_CODE = YES;
				CLANG_WARN__DUPLICATE_METHOD_MATCH = YES;
				COPY_PHASE_STRIP = NO;
				DEBUG_INFORMATION_FORMAT = "dwarf-with-dsym";
				ENABLE_NS_ASSERTIONS = NO;
				ENABLE_STRICT_OBJC_MSGSEND = YES;
				GCC_C_LANGUAGE_STANDARD = gnu11;
				GCC_NO_COMMON_BLOCKS = YES;
				GCC_WARN_64_TO_32_BIT_CONVERSION = YES;
				GCC_WARN_ABOUT_RETURN_TYPE = YES_ERROR;
				GCC_WARN_UNDECLARED_SELECTOR = YES;
				GCC_WARN_UNINITIALIZED_AUTOS = YES_AGGRESSIVE;
				GCC_WARN_UNUSED_FUNCTION = YES;
				GCC_WARN_UNUSED_VARIABLE = YES;
				MACOSX_DEPLOYMENT_TARGET = 10.15;
				MTL_ENABLE_DEBUG_INFO = NO;
				MTL_FAST_MATH = YES;
				SDKROOT = macosx;
			};
			name = Release;
		};
		F5B1263A2512BE840021EB62 /* Debug */ = {
			isa = XCBuildConfiguration;
			buildSettings = {
				CODE_SIGN_STYLE = Automatic;
				DEVELOPMENT_TEAM = "";
				ENABLE_HARDENED_RUNTIME = YES;
				PRODUCT_NAME = "$(TARGET_NAME)";
			};
			name = Debug;
		};
		F5B1263B2512BE840021EB62 /* Release */ = {
			isa = XCBuildConfiguration;
			buildSettings = {
				CODE_SIGN_STYLE = Automatic;
				DEVELOPMENT_TEAM = "";
				ENABLE_HARDENED_RUNTIME = YES;
				PRODUCT_NAME = "$(TARGET_NAME)";
			};
			name = Release;
		};
/* End XCBuildConfiguration section */

/* Begin XCConfigurationList section */
		F5B1262D2512BE840021EB62 /* Build configuration list for PBXProject "HUGEModifier" */ = {
			isa = XCConfigurationList;
			buildConfigurations = (
				F5B126372512BE840021EB62 /* Debug */,
				F5B126382512BE840021EB62 /* Release */,
			);
			defaultConfigurationIsVisible = 0;
			defaultConfigurationName = Release;
		};
		F5B126392512BE840021EB62 /* Build configuration list for PBXNativeTarget "HUGEModifier" */ = {
			isa = XCConfigurationList;
			buildConfigurations = (
				F5B1263A2512BE840021EB62 /* Debug */,
				F5B1263B2512BE840021EB62 /* Release */,
			);
			defaultConfigurationIsVisible = 0;
			defaultConfigurationName = Release;
		};
/* End XCConfigurationList section */
	};
	rootObject = F5B1262A2512BE840021EB62 /* Project object */;
}
